
Microsoft Visual Studio Solution File, Format Version 12.00
# Visual Studio Version 16
VisualStudioVersion = 16.0.29318.209
MinimumVisualStudioVersion = 10.0.40219.1
Project("{FAE04EC0-301F-11D3-BF4B-00C04F79EFBC}") = "PCN874Manager", "PCN874Manager\PCN874Manager.csproj", "{24D93814-4B74-4F1C-89C0-88FCE4F182AD}"
EndProject
Project("{FAE04EC0-301F-11D3-BF4B-00C04F79EFBC}") = "PCN874ManagerTests", "PCN874ManagerTests\PCN874ManagerTests.csproj", "{CAAE83F5-AAAE-49A4-A13F-D8E5E0C2329E}"
EndProject
Global
	GlobalSection(SolutionConfigurationPlatforms) = preSolution
		Debug|Any CPU = Debug|Any CPU
		Release|Any CPU = Release|Any CPU
	EndGlobalSection
	GlobalSection(ProjectConfigurationPlatforms) = postSolution
		{24D93814-4B74-4F1C-89C0-88FCE4F182AD}.Debug|Any CPU.ActiveCfg = Debug|Any CPU
		{24D93814-4B74-4F1C-89C0-88FCE4F182AD}.Debug|Any CPU.Build.0 = Debug|Any CPU
		{24D93814-4B74-4F1C-89C0-88FCE4F182AD}.Release|Any CPU.ActiveCfg = Release|Any CPU
		{24D93814-4B74-4F1C-89C0-88FCE4F182AD}.Release|Any CPU.Build.0 = Release|Any CPU
		{CAAE83F5-AAAE-49A4-A13F-D8E5E0C2329E}.Debug|Any CPU.ActiveCfg = Debug|Any CPU
		{CAAE83F5-AAAE-49A4-A13F-D8E5E0C2329E}.Debug|Any CPU.Build.0 = Debug|Any CPU
		{CAAE83F5-AAAE-49A4-A13F-D8E5E0C2329E}.Release|Any CPU.ActiveCfg = Release|Any CPU
		{CAAE83F5-AAAE-49A4-A13F-D8E5E0C2329E}.Release|Any CPU.Build.0 = Release|Any CPU
	EndGlobalSection
	GlobalSection(SolutionProperties) = preSolution
		HideSolutionNode = FALSE
	EndGlobalSection
	GlobalSection(ExtensibilityGlobals) = postSolution
		SolutionGuid = {87EF31E3-78B8-4F1E-9E9D-7946D0CFD27D}
	EndGlobalSection
EndGlobal
